
Microsoft Visual Studio Solution File, Format Version 12.00
# Visual Studio Version 17
VisualStudioVersion = 17.5.33414.496
MinimumVisualStudioVersion = 10.0.40219.1
Project("{9A19103F-16F7-4668-BE54-9A1E7A4F7556}") = "ARPEG.Spot.Trader", "ARPEG.Spot.Trader\ARPEG.Spot.Trader.csproj", "{6E64EA63-6384-497A-AD06-A4E4B1E346B8}"
EndProject
Project("{FAE04EC0-301F-11D3-BF4B-00C04F79EFBC}") = "ARPEG.Sport.Licence.Server", "ARPEG.Sport.Licence.Server\ARPEG.Sport.Licence.Server.csproj", "{B4F692C8-F0CC-47FC-9E32-0D09BD04EF54}"
EndProject
Project("{FAE04EC0-301F-11D3-BF4B-00C04F79EFBC}") = "ARPEG.Spot.Trader.Integration", "ARPEG.Spot.Trader.Integration\ARPEG.Spot.Trader.Integration.csproj", "{3A953AA5-85E6-49CC-AA88-F019D93058A0}"
EndProject
Global
	GlobalSection(SolutionConfigurationPlatforms) = preSolution
		Debug|Any CPU = Debug|Any CPU
		Release|Any CPU = Release|Any CPU
	EndGlobalSection
	GlobalSection(ProjectConfigurationPlatforms) = postSolution
		{6E64EA63-6384-497A-AD06-A4E4B1E346B8}.Debug|Any CPU.ActiveCfg = Debug|Any CPU
		{6E64EA63-6384-497A-AD06-A4E4B1E346B8}.Debug|Any CPU.Build.0 = Debug|Any CPU
		{6E64EA63-6384-497A-AD06-A4E4B1E346B8}.Release|Any CPU.ActiveCfg = Release|Any CPU
		{6E64EA63-6384-497A-AD06-A4E4B1E346B8}.Release|Any CPU.Build.0 = Release|Any CPU
		{B4F692C8-F0CC-47FC-9E32-0D09BD04EF54}.Debug|Any CPU.ActiveCfg = Debug|Any CPU
		{B4F692C8-F0CC-47FC-9E32-0D09BD04EF54}.Debug|Any CPU.Build.0 = Debug|Any CPU
		{B4F692C8-F0CC-47FC-9E32-0D09BD04EF54}.Release|Any CPU.ActiveCfg = Release|Any CPU
		{B4F692C8-F0CC-47FC-9E32-0D09BD04EF54}.Release|Any CPU.Build.0 = Release|Any CPU
		{3A953AA5-85E6-49CC-AA88-F019D93058A0}.Debug|Any CPU.ActiveCfg = Debug|Any CPU
		{3A953AA5-85E6-49CC-AA88-F019D93058A0}.Debug|Any CPU.Build.0 = Debug|Any CPU
		{3A953AA5-85E6-49CC-AA88-F019D93058A0}.Release|Any CPU.ActiveCfg = Release|Any CPU
		{3A953AA5-85E6-49CC-AA88-F019D93058A0}.Release|Any CPU.Build.0 = Release|Any CPU
	EndGlobalSection
	GlobalSection(SolutionProperties) = preSolution
		HideSolutionNode = FALSE
	EndGlobalSection
	GlobalSection(ExtensibilityGlobals) = postSolution
		SolutionGuid = {4EACECAB-7683-46B7-BB8D-5C7821FF77E9}
	EndGlobalSection
EndGlobal
